
Microsoft Visual Studio Solution File, Format Version 12.00
# Visual Studio Version 16
VisualStudioVersion = 16.0.29728.190
MinimumVisualStudioVersion = 10.0.40219.1
Project("{FAE04EC0-301F-11D3-BF4B-00C04F79EFBC}") = "arduino", "arduino\arduino.csproj", "{B1FCA531-A36D-45B5-BB24-BDDECA855D19}"
EndProject
Global
	GlobalSection(SolutionConfigurationPlatforms) = preSolution
		Debug|Any CPU = Debug|Any CPU
		Release|Any CPU = Release|Any CPU
	EndGlobalSection
	GlobalSection(ProjectConfigurationPlatforms) = postSolution
		{B1FCA531-A36D-45B5-BB24-BDDECA855D19}.Debug|Any CPU.ActiveCfg = Debug|Any CPU
		{B1FCA531-A36D-45B5-BB24-BDDECA855D19}.Debug|Any CPU.Build.0 = Debug|Any CPU
		{B1FCA531-A36D-45B5-BB24-BDDECA855D19}.Release|Any CPU.ActiveCfg = Release|Any CPU
		{B1FCA531-A36D-45B5-BB24-BDDECA855D19}.Release|Any CPU.Build.0 = Release|Any CPU
	EndGlobalSection
	GlobalSection(SolutionProperties) = preSolution
		HideSolutionNode = FALSE
	EndGlobalSection
	GlobalSection(ExtensibilityGlobals) = postSolution
		SolutionGuid = {5CDB8DDB-64E4-48F5-9865-F9FF5ADD4CCF}
	EndGlobalSection
EndGlobal
